
Microsoft Visual Studio Solution File, Format Version 12.00
# Visual Studio 15
VisualStudioVersion = 15.0.28307.271
MinimumVisualStudioVersion = 10.0.40219.1
Project("{8BC9CEB8-8B4A-11D0-8D11-00A0C91BC942}") = "Library Management System", "Library Management System\Library Management System.vcxproj", "{7EED4A69-AE96-4EDE-95AA-9317C493F953}"
EndProject
Global
	GlobalSection(SolutionConfigurationPlatforms) = preSolution
		Debug|x64 = Debug|x64
		Debug|x86 = Debug|x86
		Release|x64 = Release|x64
		Release|x86 = Release|x86
	EndGlobalSection
	GlobalSection(ProjectConfigurationPlatforms) = postSolution
		{7EED4A69-AE96-4EDE-95AA-9317C493F953}.Debug|x64.ActiveCfg = Debug|x64
		{7EED4A69-AE96-4EDE-95AA-9317C493F953}.Debug|x64.Build.0 = Debug|x64
		{7EED4A69-AE96-4EDE-95AA-9317C493F953}.Debug|x86.ActiveCfg = Debug|Win32
		{7EED4A69-AE96-4EDE-95AA-9317C493F953}.Debug|x86.Build.0 = Debug|Win32
		{7EED4A69-AE96-4EDE-95AA-9317C493F953}.Release|x64.ActiveCfg = Release|x64
		{7EED4A69-AE96-4EDE-95AA-9317C493F953}.Release|x64.Build.0 = Release|x64
		{7EED4A69-AE96-4EDE-95AA-9317C493F953}.Release|x86.ActiveCfg = Release|Win32
		{7EED4A69-AE96-4EDE-95AA-9317C493F953}.Release|x86.Build.0 = Release|Win32
	EndGlobalSection
	GlobalSection(SolutionProperties) = preSolution
		HideSolutionNode = FALSE
	EndGlobalSection
	GlobalSection(ExtensibilityGlobals) = postSolution
		SolutionGuid = {BC13E51E-E9DB-4EC1-B99F-D4F179E16149}
	EndGlobalSection
EndGlobal
